github.com/rwxrob/boost/weeks/19/termcolors v0.0.0-20221008210511-0f49a81be52b h1:YTKZQkrc27rjDla2uqaMDccLZdRiBVC15laLmMeX1BA=
github.com/rwxrob/boost/weeks/19/termcolors v0.0.0-20221008210511-0f49a81be52b/go.mod h1:tXLgNiuhzcTuD0vCeO3RwkJNVmnc3JIwSUWZZnHpHaI=
github.com/rwxrob/boost/weeks/20/cli v0.0.0-20221008210511-0f49a81be52b h1:Yo1pyZ/ViNLPHPYEM9ysecItxdnPh1XeYol40jzd6Hg=
github.com/rwxrob/boost/weeks/20/cli v0.0.0-20221008210511-0f49a81be52b/go.mod h1:78D7BNxRfQkthJPOD2d40dSUaWjnUUGr6CQkucpZ6Ro=
